
Microsoft Visual Studio Solution File, Format Version 12.00
# Visual Studio 15
VisualStudioVersion = 15.0.27130.2036
MinimumVisualStudioVersion = 10.0.40219.1
Project("{FAE04EC0-301F-11D3-BF4B-00C04F79EFBC}") = "Prueba", "Prueba\Prueba.csproj", "{DD39D7DA-8DA6-4D4A-AF67-463DB7B17D45}"
EndProject
Global
	GlobalSection(SolutionConfigurationPlatforms) = preSolution
		Debug|Any CPU = Debug|Any CPU
		Release|Any CPU = Release|Any CPU
	EndGlobalSection
	GlobalSection(ProjectConfigurationPlatforms) = postSolution
		{DD39D7DA-8DA6-4D4A-AF67-463DB7B17D45}.Debug|Any CPU.ActiveCfg = Debug|Any CPU
		{DD39D7DA-8DA6-4D4A-AF67-463DB7B17D45}.Debug|Any CPU.Build.0 = Debug|Any CPU
		{DD39D7DA-8DA6-4D4A-AF67-463DB7B17D45}.Release|Any CPU.ActiveCfg = Release|Any CPU
		{DD39D7DA-8DA6-4D4A-AF67-463DB7B17D45}.Release|Any CPU.Build.0 = Release|Any CPU
	EndGlobalSection
	GlobalSection(SolutionProperties) = preSolution
		HideSolutionNode = FALSE
	EndGlobalSection
	GlobalSection(ExtensibilityGlobals) = postSolution
		SolutionGuid = {F2D5A98F-9D06-4837-B1A1-A59A041526EC}
	EndGlobalSection
EndGlobal
